// !$*UTF8*$!
{
	archiveVersion = 1;
	classes = {
	};
	objectVersion = 46;
	objects = {

/* Begin PBXBuildFile section */
		1126BFC71E1184B000587E6C /* AppDelegate.swift in Sources */ = {isa = PBXBuildFile; fileRef = 1126BFC61E1184B000587E6C /* AppDelegate.swift */; };
		1126BFC91E1184B000587E6C /* ViewController.swift in Sources */ = {isa = PBXBuildFile; fileRef = 1126BFC81E1184B000587E6C /* ViewController.swift */; };
		1126BFCC1E1184B000587E6C /* Main.storyboard in Resources */ = {isa = PBXBuildFile; fileRef = 1126BFCA1E1184B000587E6C /* Main.storyboard */; };
		1126BFCE1E1184B000587E6C /* Assets.xcassets in Resources */ = {isa = PBXBuildFile; fileRef = 1126BFCD1E1184B000587E6C /* Assets.xcassets */; };
		1126BFD11E1184B000587E6C /* LaunchScreen.storyboard in Resources */ = {isa = PBXBuildFile; fileRef = 1126BFCF1E1184B000587E6C /* LaunchScreen.storyboard */; };
		1126BFDC1E1184B000587E6C /* Rana_Come_MoscasTests.swift in Sources */ = {isa = PBXBuildFile; fileRef = 1126BFDB1E1184B000587E6C /* Rana_Come_MoscasTests.swift */; };
		1126BFE71E1184B000587E6C /* Rana_Come_MoscasUITests.swift in Sources */ = {isa = PBXBuildFile; fileRef = 1126BFE61E1184B000587E6C /* Rana_Come_MoscasUITests.swift */; };
		11AD95B71E11D0C10072DBE3 /* robot_beep.mp3 in Resources */ = {isa = PBXBuildFile; fileRef = 11AD95B61E11D0C10072DBE3 /* robot_beep.mp3 */; };
/* End PBXBuildFile section */

/* Begin PBXContainerItemProxy section */
		1126BFD81E1184B000587E6C /* PBXContainerItemProxy */ = {
			isa = PBXContainerItemProxy;
			containerPortal = 1126BFBB1E1184AF00587E6C /* Project object */;
			proxyType = 1;
			remoteGlobalIDString = 1126BFC21E1184B000587E6C;
			remoteInfo = "Rana Come Moscas";
		};
		1126BFE31E1184B000587E6C /* PBXContainerItemProxy */ = {
			isa = PBXContainerItemProxy;
			containerPortal = 1126BFBB1E1184AF00587E6C /* Project object */;
			proxyType = 1;
			remoteGlobalIDString = 1126BFC21E1184B000587E6C;
			remoteInfo = "Rana Come Moscas";
		};
/* End PBXContainerItemProxy section */

/* Begin PBXFileReference section */
		1126BFC31E1184B000587E6C /* Rana Come Moscas.app */ = {isa = PBXFileReference; explicitFileType = wrapper.application; includeInIndex = 0; path = "Rana Come Moscas.app"; sourceTree = BUILT_PRODUCTS_DIR; };
		1126BFC61E1184B000587E6C /* AppDelegate.swift */ = {isa = PBXFileReference; lastKnownFileType = sourcecode.swift; path = AppDelegate.swift; sourceTree = "<group>"; };
		1126BFC81E1184B000587E6C /* ViewController.swift */ = {isa = PBXFileReference; lastKnownFileType = sourcecode.swift; path = ViewController.swift; sourceTree = "<group>"; };
		1126BFCB1E1184B000587E6C /* Base */ = {isa = PBXFileReference; lastKnownFileType = file.storyboard; name = Base; path = Base.lproj/Main.storyboard; sourceTree = "<group>"; };
		1126BFCD1E1184B000587E6C /* Assets.xcassets */ = {isa = PBXFileReference; lastKnownFileType = folder.assetcatalog; path = Assets.xcassets; sourceTree = "<group>"; };
		1126BFD01E1184B000587E6C /* Base */ = {isa = PBXFileReference; lastKnownFileType = file.storyboard; name = Base; path = Base.lproj/LaunchScreen.storyboard; sourceTree = "<group>"; };
		1126BFD21E1184B000587E6C /* Info.plist */ = {isa = PBXFileReference; lastKnownFileType = text.plist.xml; path = Info.plist; sourceTree = "<group>"; };
		1126BFD71E1184B000587E6C /* Rana Come MoscasTests.xctest */ = {isa = PBXFileReference; explicitFileType = wrapper.cfbundle; includeInIndex = 0; path = "Rana Come MoscasTests.xctest"; sourceTree = BUILT_PRODUCTS_DIR; };
		1126BFDB1E1184B000587E6C /* Rana_Come_MoscasTests.swift */ = {isa = PBXFileReference; lastKnownFileType = sourcecode.swift; path = Rana_Come_MoscasTests.swift; sourceTree = "<group>"; };
		1126BFDD1E1184B000587E6C /* Info.plist */ = {isa = PBXFileReference; lastKnownFileType = text.plist.xml; path = Info.plist; sourceTree = "<group>"; };
		1126BFE21E1184B000587E6C /* Rana Come MoscasUITests.xctest */ = {isa = PBXFileReference; explicitFileType = wrapper.cfbundle; includeInIndex = 0; path = "Rana Come MoscasUITests.xctest"; sourceTree = BUILT_PRODUCTS_DIR; };
		1126BFE61E1184B000587E6C /* Rana_Come_MoscasUITests.swift */ = {isa = PBXFileReference; lastKnownFileType = sourcecode.swift; path = Rana_Come_MoscasUITests.swift; sourceTree = "<group>"; };
		1126BFE81E1184B000587E6C /* Info.plist */ = {isa = PBXFileReference; lastKnownFileType = text.plist.xml; path = Info.plist; sourceTree = "<group>"; };
		11AD95B61E11D0C10072DBE3 /* robot_beep.mp3 */ = {isa = PBXFileReference; lastKnownFileType = audio.mp3; path = robot_beep.mp3; sourceTree = "<group>"; };
/* End PBXFileReference section */

/* Begin PBXFrameworksBuildPhase section */
		1126BFC01E1184B000587E6C /* Frameworks */ = {
			isa = PBXFrameworksBuildPhase;
			buildActionMask = 2147483647;
			files = (
			);
			runOnlyForDeploymentPostprocessing = 0;
		};
		1126BFD41E1184B000587E6C /* Frameworks */ = {
			isa = PBXFrameworksBuildPhase;
			buildActionMask = 2147483647;
			files = (
			);
			runOnlyForDeploymentPostprocessing = 0;
		};
		1126BFDF1E1184B000587E6C /* Frameworks */ = {
			isa = PBXFrameworksBuildPhase;
			buildActionMask = 2147483647;
			files = (
			);
			runOnlyForDeploymentPostprocessing = 0;
		};
/* End PBXFrameworksBuildPhase section */

/* Begin PBXGroup section */
		1126BFBA1E1184AF00587E6C = {
			isa = PBXGroup;
			children = (
				1126BFC51E1184B000587E6C /* Rana Come Moscas */,
				1126BFDA1E1184B000587E6C /* Rana Come MoscasTests */,
				1126BFE51E1184B000587E6C /* Rana Come MoscasUITests */,
				1126BFC41E1184B000587E6C /* Products */,
			);
			sourceTree = "<group>";
		};
		1126BFC41E1184B000587E6C /* Products */ = {
			isa = PBXGroup;
			children = (
				1126BFC31E1184B000587E6C /* Rana Come Moscas.app */,
				1126BFD71E1184B000587E6C /* Rana Come MoscasTests.xctest */,
				1126BFE21E1184B000587E6C /* Rana Come MoscasUITests.xctest */,
			);
			name = Products;
			sourceTree = "<group>";
		};
		1126BFC51E1184B000587E6C /* Rana Come Moscas */ = {
			isa = PBXGroup;
			children = (
				1126BFC61E1184B000587E6C /* AppDelegate.swift */,
				1126BFC81E1184B000587E6C /* ViewController.swift */,
				1126BFCA1E1184B000587E6C /* Main.storyboard */,
				1126BFCD1E1184B000587E6C /* Assets.xcassets */,
				1126BFCF1E1184B000587E6C /* LaunchScreen.storyboard */,
				11AD95B61E11D0C10072DBE3 /* robot_beep.mp3 */,
				1126BFD21E1184B000587E6C /* Info.plist */,
			);
			path = "Rana Come Moscas";
			sourceTree = "<group>";
		};
		1126BFDA1E1184B000587E6C /* Rana Come MoscasTests */ = {
			isa = PBXGroup;
			children = (
				1126BFDB1E1184B000587E6C /* Rana_Come_MoscasTests.swift */,
				1126BFDD1E1184B000587E6C /* Info.plist */,
			);
			path = "Rana Come MoscasTests";
			sourceTree = "<group>";
		};
		1126BFE51E1184B000587E6C /* Rana Come MoscasUITests */ = {
			isa = PBXGroup;
			children = (
				1126BFE61E1184B000587E6C /* Rana_Come_MoscasUITests.swift */,
				1126BFE81E1184B000587E6C /* Info.plist */,
			);
			path = "Rana Come MoscasUITests";
			sourceTree = "<group>";
		};
/* End PBXGroup section */

/* Begin PBXNativeTarget section */
		1126BFC21E1184B000587E6C /* Rana Come Moscas */ = {
			isa = PBXNativeTarget;
			buildConfigurationList = 1126BFEB1E1184B000587E6C /* Build configuration list for PBXNativeTarget "Rana Come Moscas" */;
			buildPhases = (
				1126BFBF1E1184B000587E6C /* Sources */,
				1126BFC01E1184B000587E6C /* Frameworks */,
				1126BFC11E1184B000587E6C /* Resources */,
			);
			buildRules = (
			);
			dependencies = (
			);
			name = "Rana Come Moscas";
			productName = "Rana Come Moscas";
			productReference = 1126BFC31E1184B000587E6C /* Rana Come Moscas.app */;
			productType = "com.apple.product-type.application";
		};
		1126BFD61E1184B000587E6C /* Rana Come MoscasTests */ = {
			isa = PBXNativeTarget;
			buildConfigurationList = 1126BFEE1E1184B000587E6C /* Build configuration list for PBXNativeTarget "Rana Come MoscasTests" */;
			buildPhases = (
				1126BFD31E1184B000587E6C /* Sources */,
				1126BFD41E1184B000587E6C /* Frameworks */,
				1126BFD51E1184B000587E6C /* Resources */,
			);
			buildRules = (
			);
			dependencies = (
				1126BFD91E1184B000587E6C /* PBXTargetDependency */,
			);
			name = "Rana Come MoscasTests";
			productName = "Rana Come MoscasTests";
			productReference = 1126BFD71E1184B000587E6C /* Rana Come MoscasTests.xctest */;
			productType = "com.apple.product-type.bundle.unit-test";
		};
		1126BFE11E1184B000587E6C /* Rana Come MoscasUITests */ = {
			isa = PBXNativeTarget;
			buildConfigurationList = 1126BFF11E1184B000587E6C /* Build configuration list for PBXNativeTarget "Rana Come MoscasUITests" */;
			buildPhases = (
				1126BFDE1E1184B000587E6C /* Sources */,
				1126BFDF1E1184B000587E6C /* Frameworks */,
				1126BFE01E1184B000587E6C /* Resources */,
			);
			buildRules = (
			);
			dependencies = (
				1126BFE41E1184B000587E6C /* PBXTargetDependency */,
			);
			name = "Rana Come MoscasUITests";
			productName = "Rana Come MoscasUITests";
			productReference = 1126BFE21E1184B000587E6C /* Rana Come MoscasUITests.xctest */;
			productType = "com.apple.product-type.bundle.ui-testing";
		};
/* End PBXNativeTarget section */

/* Begin PBXProject section */
		1126BFBB1E1184AF00587E6C /* Project object */ = {
			isa = PBXProject;
			attributes = {
				LastSwiftUpdateCheck = 0800;
				LastUpgradeCheck = 0800;
				ORGANIZATIONNAME = "Camilo Andres Soto Herrera";
				TargetAttributes = {
					1126BFC21E1184B000587E6C = {
						CreatedOnToolsVersion = 8.0;
						DevelopmentTeam = SB9USUM23Z;
						ProvisioningStyle = Automatic;
					};
					1126BFD61E1184B000587E6C = {
						CreatedOnToolsVersion = 8.0;
						DevelopmentTeam = SB9USUM23Z;
						ProvisioningStyle = Automatic;
						TestTargetID = 1126BFC21E1184B000587E6C;
					};
					1126BFE11E1184B000587E6C = {
						CreatedOnToolsVersion = 8.0;
						DevelopmentTeam = SB9USUM23Z;
						ProvisioningStyle = Automatic;
						TestTargetID = 1126BFC21E1184B000587E6C;
					};
				};
			};
			buildConfigurationList = 1126BFBE1E1184AF00587E6C /* Build configuration list for PBXProject "Rana Come Moscas" */;
			compatibilityVersion = "Xcode 3.2";
			developmentRegion = English;
			hasScannedForEncodings = 0;
			knownRegions = (
				en,
				Base,
			);
			mainGroup = 1126BFBA1E1184AF00587E6C;
			productRefGroup = 1126BFC41E1184B000587E6C /* Products */;
			projectDirPath = "";
			projectRoot = "";
			targets = (
				1126BFC21E1184B000587E6C /* Rana Come Moscas */,
				1126BFD61E1184B000587E6C /* Rana Come MoscasTests */,
				1126BFE11E1184B000587E6C /* Rana Come MoscasUITests */,
			);
		};
/* End PBXProject section */

/* Begin PBXResourcesBuildPhase section */
		1126BFC11E1184B000587E6C /* Resources */ = {
			isa = PBXResourcesBuildPhase;
			buildActionMask = 2147483647;
			files = (
				1126BFD11E1184B000587E6C /* LaunchScreen.storyboard in Resources */,
				11AD95B71E11D0C10072DBE3 /* robot_beep.mp3 in Resources */,
				1126BFCE1E1184B000587E6C /* Assets.xcassets in Resources */,
				1126BFCC1E1184B000587E6C /* Main.storyboard in Resources */,
			);
			runOnlyForDeploymentPostprocessing = 0;
		};
		1126BFD51E1184B000587E6C /* Resources */ = {
			isa = PBXResourcesBuildPhase;
			buildActionMask = 2147483647;
			files = (
			);
			runOnlyForDeploymentPostprocessing = 0;
		};
		1126BFE01E1184B000587E6C /* Resources */ = {
			isa = PBXResourcesBuildPhase;
			buildActionMask = 2147483647;
			files = (
			);
			runOnlyForDeploymentPostprocessing = 0;
		};
/* End PBXResourcesBuildPhase section */

/* Begin PBXSourcesBuildPhase section */
		1126BFBF1E1184B000587E6C /* Sources */ = {
			isa = PBXSourcesBuildPhase;
			buildActionMask = 2147483647;
			files = (
				1126BFC91E1184B000587E6C /* ViewController.swift in Sources */,
				1126BFC71E1184B000587E6C /* AppDelegate.swift in Sources */,
			);
			runOnlyForDeploymentPostprocessing = 0;
		};
		1126BFD31E1184B000587E6C /* Sources */ = {
			isa = PBXSourcesBuildPhase;
			buildActionMask = 2147483647;
			files = (
				1126BFDC1E1184B000587E6C /* Rana_Come_MoscasTests.swift in Sources */,
			);
			runOnlyForDeploymentPostprocessing = 0;
		};
		1126BFDE1E1184B000587E6C /* Sources */ = {
			isa = PBXSourcesBuildPhase;
			buildActionMask = 2147483647;
			files = (
				1126BFE71E1184B000587E6C /* Rana_Come_MoscasUITests.swift in Sources */,
			);
			runOnlyForDeploymentPostprocessing = 0;
		};
/* End PBXSourcesBuildPhase section */

/* Begin PBXTargetDependency section */
		1126BFD91E1184B000587E6C /* PBXTargetDependency */ = {
			isa = PBXTargetDependency;
			target = 1126BFC21E1184B000587E6C /* Rana Come Moscas */;
			targetProxy = 1126BFD81E1184B000587E6C /* PBXContainerItemProxy */;
		};
		1126BFE41E1184B000587E6C /* PBXTargetDependency */ = {
			isa = PBXTargetDependency;
			target = 1126BFC21E1184B000587E6C /* Rana Come Moscas */;
			targetProxy = 1126BFE31E1184B000587E6C /* PBXContainerItemProxy */;
		};
/* End PBXTargetDependency section */

/* Begin PBXVariantGroup section */
		1126BFCA1E1184B000587E6C /* Main.storyboard */ = {
			isa = PBXVariantGroup;
			children = (
				1126BFCB1E1184B000587E6C /* Base */,
			);
			name = Main.storyboard;
			sourceTree = "<group>";
		};
		1126BFCF1E1184B000587E6C /* LaunchScreen.storyboard */ = {
			isa = PBXVariantGroup;
			children = (
				1126BFD01E1184B000587E6C /* Base */,
			);
			name = LaunchScreen.storyboard;
			sourceTree = "<group>";
		};
/* End PBXVariantGroup section */

/* Begin XCBuildConfiguration section */
		1126BFE91E1184B000587E6C /* Debug */ = {
			isa = XCBuildConfiguration;
			buildSettings = {
				ALWAYS_SEARCH_USER_PATHS = NO;
				CLANG_ANALYZER_NONNULL = YES;
				CLANG_CXX_LANGUAGE_STANDARD = "gnu++0x";
				CLANG_CXX_LIBRARY = "libc++";
				CLANG_ENABLE_MODULES = YES;
				CLANG_ENABLE_OBJC_ARC = YES;
				CLANG_WARN_BOOL_CONVERSION = YES;
				CLANG_WARN_CONSTANT_CONVERSION = YES;
				CLANG_WARN_DIRECT_OBJC_ISA_USAGE = YES_ERROR;
				CLANG_WARN_DOCUMENTATION_COMMENTS = YES;
				CLANG_WARN_EMPTY_BODY = YES;
				CLANG_WARN_ENUM_CONVERSION = YES;
				CLANG_WARN_INFINITE_RECURSION = YES;
				CLANG_WARN_INT_CONVERSION = YES;
				CLANG_WARN_OBJC_ROOT_CLASS = YES_ERROR;
				CLANG_WARN_SUSPICIOUS_MOVES = YES;
				CLANG_WARN_UNREACHABLE_CODE = YES;
				CLANG_WARN__DUPLICATE_METHOD_MATCH = YES;
				"CODE_SIGN_IDENTITY[sdk=iphoneos*]" = "iPhone Developer";
				COPY_PHASE_STRIP = NO;
				DEBUG_INFORMATION_FORMAT = dwarf;
				ENABLE_STRICT_OBJC_MSGSEND = YES;
				ENABLE_TESTABILITY = YES;
				GCC_C_LANGUAGE_STANDARD = gnu99;
				GCC_DYNAMIC_NO_PIC = NO;
				GCC_NO_COMMON_BLOCKS = YES;
				GCC_OPTIMIZATION_LEVEL = 0;
				GCC_PREPROCESSOR_DEFINITIONS = (
					"DEBUG=1",
					"$(inherited)",
				);
				GCC_WARN_64_TO_32_BIT_CONVERSION = YES;
				GCC_WARN_ABOUT_RETURN_TYPE = YES_ERROR;
				GCC_WARN_UNDECLARED_SELECTOR = YES;
				GCC_WARN_UNINITIALIZED_AUTOS = YES_AGGRESSIVE;
				GCC_WARN_UNUSED_FUNCTION = YES;
				GCC_WARN_UNUSED_VARIABLE = YES;
				IPHONEOS_DEPLOYMENT_TARGET = 10.0;
				MTL_ENABLE_DEBUG_INFO = YES;
				ONLY_ACTIVE_ARCH = YES;
				SDKROOT = iphoneos;
				SWIFT_ACTIVE_COMPILATION_CONDITIONS = DEBUG;
				SWIFT_OPTIMIZATION_LEVEL = "-Onone";
				TARGETED_DEVICE_FAMILY = "1,2";
			};
			name = Debug;
		};
		1126BFEA1E1184B000587E6C /* Release */ = {
			isa = XCBuildConfiguration;
			buildSettings = {
				ALWAYS_SEARCH_USER_PATHS = NO;
				CLANG_ANALYZER_NONNULL = YES;
				CLANG_CXX_LANGUAGE_STANDARD = "gnu++0x";
				CLANG_CXX_LIBRARY = "libc++";
				CLANG_ENABLE_MODULES = YES;
				CLANG_ENABLE_OBJC_ARC = YES;
				CLANG_WARN_BOOL_CONVERSION = YES;
				CLANG_WARN_CONSTANT_CONVERSION = YES;
				CLANG_WARN_DIRECT_OBJC_ISA_USAGE = YES_ERROR;
				CLANG_WARN_DOCUMENTATION_COMMENTS = YES;
				CLANG_WARN_EMPTY_BODY = YES;
				CLANG_WARN_ENUM_CONVERSION = YES;
				CLANG_WARN_INFINITE_RECURSION = YES;
				CLANG_WARN_INT_CONVERSION = YES;
				CLANG_WARN_OBJC_ROOT_CLASS = YES_ERROR;
				CLANG_WARN_SUSPICIOUS_MOVES = YES;
				CLANG_WARN_UNREACHABLE_CODE = YES;
				CLANG_WARN__DUPLICATE_METHOD_MATCH = YES;
				"CODE_SIGN_IDENTITY[sdk=iphoneos*]" = "iPhone Developer";
				COPY_PHASE_STRIP = NO;
				DEBUG_INFORMATION_FORMAT = "dwarf-with-dsym";
				ENABLE_NS_ASSERTIONS = NO;
				ENABLE_STRICT_OBJC_MSGSEND = YES;
				GCC_C_LANGUAGE_STANDARD = gnu99;
				GCC_NO_COMMON_BLOCKS = YES;
				GCC_WARN_64_TO_32_BIT_CONVERSION = YES;
				GCC_WARN_ABOUT_RETURN_TYPE = YES_ERROR;
				GCC_WARN_UNDECLARED_SELECTOR = YES;
				GCC_WARN_UNINITIALIZED_AUTOS = YES_AGGRESSIVE;
				GCC_WARN_UNUSED_FUNCTION = YES;
				GCC_WARN_UNUSED_VARIABLE = YES;
				IPHONEOS_DEPLOYMENT_TARGET = 10.0;
				MTL_ENABLE_DEBUG_INFO = NO;
				SDKROOT = iphoneos;
				SWIFT_OPTIMIZATION_LEVEL = "-Owholemodule";
				TARGETED_DEVICE_FAMILY = "1,2";
				VALIDATE_PRODUCT = YES;
			};
			name = Release;
		};
		1126BFEC1E1184B000587E6C /* Debug */ = {
			isa = XCBuildConfiguration;
			buildSettings = {
				ASSETCATALOG_COMPILER_APPICON_NAME = AppIcon;
				DEVELOPMENT_TEAM = SB9USUM23Z;
				INFOPLIST_FILE = "Rana Come Moscas/Info.plist";
				IPHONEOS_DEPLOYMENT_TARGET = 9.2;
				LD_RUNPATH_SEARCH_PATHS = "$(inherited) @executable_path/Frameworks";
				PRODUCT_BUNDLE_IDENTIFIER = "wi-mobile.Rana-Come-Moscas";
				PRODUCT_NAME = "$(TARGET_NAME)";
				SWIFT_VERSION = 3.0;
				TARGETED_DEVICE_FAMILY = 1;
			};
			name = Debug;
		};
		1126BFED1E1184B000587E6C /* Release */ = {
			isa = XCBuildConfiguration;
			buildSettings = {
				ASSETCATALOG_COMPILER_APPICON_NAME = AppIcon;
				DEVELOPMENT_TEAM = SB9USUM23Z;
				INFOPLIST_FILE = "Rana Come Moscas/Info.plist";
				IPHONEOS_DEPLOYMENT_TARGET = 9.2;
				LD_RUNPATH_SEARCH_PATHS = "$(inherited) @executable_path/Frameworks";
				PRODUCT_BUNDLE_IDENTIFIER = "wi-mobile.Rana-Come-Moscas";
				PRODUCT_NAME = "$(TARGET_NAME)";
				SWIFT_VERSION = 3.0;
				TARGETED_DEVICE_FAMILY = 1;
			};
			name = Release;
		};
		1126BFEF1E1184B000587E6C /* Debug */ = {
			isa = XCBuildConfiguration;
			buildSettings = {
				ALWAYS_EMBED_SWIFT_STANDARD_LIBRARIES = YES;
				BUNDLE_LOADER = "$(TEST_HOST)";
				DEVELOPMENT_TEAM = SB9USUM23Z;
				INFOPLIST_FILE = "Rana Come MoscasTests/Info.plist";
				LD_RUNPATH_SEARCH_PATHS = "$(inherited) @executable_path/Frameworks @loader_path/Frameworks";
				PRODUCT_BUNDLE_IDENTIFIER = "wi-mobile.Rana-Come-MoscasTests";
				PRODUCT_NAME = "$(TARGET_NAME)";
				SWIFT_VERSION = 3.0;
				TEST_HOST = "$(BUILT_PRODUCTS_DIR)/Rana Come Moscas.app/Rana Come Moscas";
			};
			name = Debug;
		};
		1126BFF01E1184B000587E6C /* Release */ = {
			isa = XCBuildConfiguration;
			buildSettings = {
				ALWAYS_EMBED_SWIFT_STANDARD_LIBRARIES = YES;
				BUNDLE_LOADER = "$(TEST_HOST)";
				DEVELOPMENT_TEAM = SB9USUM23Z;
				INFOPLIST_FILE = "Rana Come MoscasTests/Info.plist";
				LD_RUNPATH_SEARCH_PATHS = "$(inherited) @executable_path/Frameworks @loader_path/Frameworks";
				PRODUCT_BUNDLE_IDENTIFIER = "wi-mobile.Rana-Come-MoscasTests";
				PRODUCT_NAME = "$(TARGET_NAME)";
				SWIFT_VERSION = 3.0;
				TEST_HOST = "$(BUILT_PRODUCTS_DIR)/Rana Come Moscas.app/Rana Come Moscas";
			};
			name = Release;
		};
		1126BFF21E1184B000587E6C /* Debug */ = {
			isa = XCBuildConfiguration;
			buildSettings = {
				ALWAYS_EMBED_SWIFT_STANDARD_LIBRARIES = YES;
				DEVELOPMENT_TEAM = SB9USUM23Z;
				INFOPLIST_FILE = "Rana Come MoscasUITests/Info.plist";
				LD_RUNPATH_SEARCH_PATHS = "$(inherited) @executable_path/Frameworks @loader_path/Frameworks";
				PRODUCT_BUNDLE_IDENTIFIER = "wi-mobile.Rana-Come-MoscasUITests";
				PRODUCT_NAME = "$(TARGET_NAME)";
				SWIFT_VERSION = 3.0;
				TEST_TARGET_NAME = "Rana Come Moscas";
			};
			name = Debug;
		};
		1126BFF31E1184B000587E6C /* Release */ = {
			isa = XCBuildConfiguration;
			buildSettings = {
				ALWAYS_EMBED_SWIFT_STANDARD_LIBRARIES = YES;
				DEVELOPMENT_TEAM = SB9USUM23Z;
				INFOPLIST_FILE = "Rana Come MoscasUITests/Info.plist";
				LD_RUNPATH_SEARCH_PATHS = "$(inherited) @executable_path/Frameworks @loader_path/Frameworks";
				PRODUCT_BUNDLE_IDENTIFIER = "wi-mobile.Rana-Come-MoscasUITests";
				PRODUCT_NAME = "$(TARGET_NAME)";
				SWIFT_VERSION = 3.0;
				TEST_TARGET_NAME = "Rana Come Moscas";
			};
			name = Release;
		};
/* End XCBuildConfiguration section */

/* Begin XCConfigurationList section */
		1126BFBE1E1184AF00587E6C /* Build configuration list for PBXProject "Rana Come Moscas" */ = {
			isa = XCConfigurationList;
			buildConfigurations = (
				1126BFE91E1184B000587E6C /* Debug */,
				1126BFEA1E1184B000587E6C /* Release */,
			);
			defaultConfigurationIsVisible = 0;
			defaultConfigurationName = Release;
		};
		1126BFEB1E1184B000587E6C /* Build configuration list for PBXNativeTarget "Rana Come Moscas" */ = {
			isa = XCConfigurationList;
			buildConfigurations = (
				1126BFEC1E1184B000587E6C /* Debug */,
				1126BFED1E1184B000587E6C /* Release */,
			);
			defaultConfigurationIsVisible = 0;
			defaultConfigurationName = Release;
		};
		1126BFEE1E1184B000587E6C /* Build configuration list for PBXNativeTarget "Rana Come MoscasTests" */ = {
			isa = XCConfigurationList;
			buildConfigurations = (
				1126BFEF1E1184B000587E6C /* Debug */,
				1126BFF01E1184B000587E6C /* Release */,
			);
			defaultConfigurationIsVisible = 0;
			defaultConfigurationName = Release;
		};
		1126BFF11E1184B000587E6C /* Build configuration list for PBXNativeTarget "Rana Come MoscasUITests" */ = {
			isa = XCConfigurationList;
			buildConfigurations = (
				1126BFF21E1184B000587E6C /* Debug */,
				1126BFF31E1184B000587E6C /* Release */,
			);
			defaultConfigurationIsVisible = 0;
			defaultConfigurationName = Release;
		};
/* End XCConfigurationList section */
	};
	rootObject = 1126BFBB1E1184AF00587E6C /* Project object */;
}
